# This file is automatically @generated by Cargo.
# It is not intended for manual editing.
version = 4

[[package]]
name = "tinylua-codegen"
version = "0.1.0"
dependencies = [
 "tinylua-sema",
]

[[package]]
name = "tinylua-hal"
version = "0.1.0"
dependencies = [
 "tinylua-codegen",
]

[[package]]
name = "tinylua-lexer"
version = "0.1.0"

[[package]]
name = "tinylua-parser"
version = "0.1.0"
dependencies = [
 "tinylua-lexer",
]

[[package]]
name = "tinylua-sema"
version = "0.1.0"
dependencies = [
 "tinylua-parser",
]
