# This file is automatically @generated by Cargo.
# It is not intended for manual editing.
version = 4

[[package]]
name = "tinylua-codegen"
version = "0.1.0"
dependencies = [
 "tinylua-parser",
 "tinylua-sema",
]

[[package]]
name = "tinylua-hal"
version = "0.1.0"
dependencies = [
 "tinylua-codegen",
]

[[package]]
name = "tinylua-lexer"
version = "0.1.0"

[[package]]
name = "tinylua-parser"
version = "0.1.0"
dependencies = [
 "tinylua-lexer",
 "typed-arena",
]

[[package]]
name = "tinylua-sema"
version = "0.1.0"
dependencies = [
 "tinylua-parser",
]

[[package]]
name = "typed-arena"
version = "2.0.2"
source = "registry+https://github.com/rust-lang/crates.io-index"
checksum = "6af6ae20167a9ece4bcb41af5b80f8a1f1df981f6391189ce00fd257af04126a"
